<Solution>
  <Folder Name="/EcoSystem.Data/">
    <Project Path="EcoSystem.Data/EcoSystem.DatA.csproj" />
  </Folder>
  <Project Path="EcoSystem.API/EcoSystem.API.csproj" />
  <Project Path="EcoSystem.Business/EcoSystem.Business.csproj" />
  <Project Path="EcoSystem.Client/EcoSystem.Client.csproj" />
</Solution>
